
Microsoft Visual Studio Solution File, Format Version 12.00
# Visual Studio Version 17
VisualStudioVersion = 17.7.34031.279
MinimumVisualStudioVersion = 10.0.40219.1
Project("{FAE04EC0-301F-11D3-BF4B-00C04F79EFBC}") = "OblligatorioInterfaces3", "OblligatorioInterfaces3.csproj", "{A6359FE0-7928-4FB5-835F-322A7B5FB322}"
EndProject
Global
	GlobalSection(SolutionConfigurationPlatforms) = preSolution
		Debug|Any CPU = Debug|Any CPU
		Release|Any CPU = Release|Any CPU
	EndGlobalSection
	GlobalSection(ProjectConfigurationPlatforms) = postSolution
		{A6359FE0-7928-4FB5-835F-322A7B5FB322}.Debug|Any CPU.ActiveCfg = Debug|Any CPU
		{A6359FE0-7928-4FB5-835F-322A7B5FB322}.Debug|Any CPU.Build.0 = Debug|Any CPU
		{A6359FE0-7928-4FB5-835F-322A7B5FB322}.Release|Any CPU.ActiveCfg = Release|Any CPU
		{A6359FE0-7928-4FB5-835F-322A7B5FB322}.Release|Any CPU.Build.0 = Release|Any CPU
	EndGlobalSection
	GlobalSection(SolutionProperties) = preSolution
		HideSolutionNode = FALSE
	EndGlobalSection
	GlobalSection(ExtensibilityGlobals) = postSolution
		SolutionGuid = {3CBCFB1B-3851-464D-A9A2-40ED07EAEA20}
	EndGlobalSection
EndGlobal
